# THIS IS AN AUTOGENERATED FILE. DO NOT EDIT THIS FILE DIRECTLY.
# yarn lockfile v1


"@xstate/react@^3.2.2":
  version "3.2.2"
  resolved "https://registry.yarnpkg.com/@xstate/react/-/react-3.2.2.tgz#ddf0f9d75e2c19375b1e1b7335e72cb99762aed8"
  integrity sha512-feghXWLedyq8JeL13yda3XnHPZKwYDN5HPBLykpLeuNpr9178tQd2/3d0NrH6gSd0sG5mLuLeuD+ck830fgzLQ==
  dependencies:
    use-isomorphic-layout-effect "^1.1.2"
    use-sync-external-store "^1.0.0"

use-isomorphic-layout-effect@^1.1.2:
  version "1.1.2"
  resolved "https://registry.yarnpkg.com/use-isomorphic-layout-effect/-/use-isomorphic-layout-effect-1.1.2.tgz#497cefb13d863d687b08477d9e5a164ad8c1a6fb"
  integrity sha512-49L8yCO3iGT/ZF9QttjwLF/ZD9Iwto5LnH5LmEdk/6cFmXddqi2ulF0edxTwjj+7mqvpVVGQWvbXZdn32wRSHA==

use-sync-external-store@^1.0.0:
  version "1.2.0"
  resolved "https://registry.yarnpkg.com/use-sync-external-store/-/use-sync-external-store-1.2.0.tgz#7dbefd6ef3fe4e767a0cf5d7287aacfb5846928a"
  integrity sha512-eEgnFxGQ1Ife9bzYs6VLi8/4X6CObHMw9Qr9tPY43iKwsPw8xE8+EFsf/2cFZ5S3esXgpWgtSCtLNS41F+sKPA==

xstate@^4.37.2:
  version "4.37.2"
  resolved "https://registry.yarnpkg.com/xstate/-/xstate-4.37.2.tgz#c5f4c1d8062784238b91e2dfddca05f821cb4eac"
  integrity sha512-Qm337O49CRTZ3PRyRuK6b+kvI+D3JGxXIZCTul+xEsyFCVkTFDt5jixaL1nBWcUBcaTQ9um/5CRGVItPi7fveg==
