# THIS IS AN AUTOGENERATED FILE. DO NOT EDIT THIS FILE DIRECTLY.
# yarn lockfile v1


"@xstate/react@^3.2.2":
  "integrity" "sha512-feghXWLedyq8JeL13yda3XnHPZKwYDN5HPBLykpLeuNpr9178tQd2/3d0NrH6gSd0sG5mLuLeuD+ck830fgzLQ=="
  "resolved" "https://registry.npmjs.org/@xstate/react/-/react-3.2.2.tgz"
  "version" "3.2.2"
  dependencies:
    "use-isomorphic-layout-effect" "^1.1.2"
    "use-sync-external-store" "^1.0.0"

"js-tokens@^3.0.0 || ^4.0.0":
  "integrity" "sha512-RdJUflcE3cUzKiMqQgsCu06FPu9UdIJO0beYbPhHN4k6apgJtifcoCtT9bcxOpYBtpD2kCM6Sbzg4CausW/PKQ=="
  "resolved" "https://registry.npmjs.org/js-tokens/-/js-tokens-4.0.0.tgz"
  "version" "4.0.0"

"loose-envify@^1.1.0":
  "integrity" "sha512-lyuxPGr/Wfhrlem2CL/UcnUc1zcqKAImBDzukY7Y5F/yQiNdko6+fRLevlw1HgMySw7f611UIY408EtxRSoK3Q=="
  "resolved" "https://registry.npmjs.org/loose-envify/-/loose-envify-1.4.0.tgz"
  "version" "1.4.0"
  dependencies:
    "js-tokens" "^3.0.0 || ^4.0.0"

"react@^16.8.0 || ^17.0.0 || ^18.0.0":
  "integrity" "sha512-/3IjMdb2L9QbBdWiW5e3P2/npwMBaU9mHCSCUzNln0ZCYbcfTsGbTJrU/kGemdH2IWmB2ioZ+zkxtmq6g09fGQ=="
  "resolved" "https://registry.npmjs.org/react/-/react-18.2.0.tgz"
  "version" "18.2.0"
  dependencies:
    "loose-envify" "^1.1.0"

"use-isomorphic-layout-effect@^1.1.2":
  "integrity" "sha512-49L8yCO3iGT/ZF9QttjwLF/ZD9Iwto5LnH5LmEdk/6cFmXddqi2ulF0edxTwjj+7mqvpVVGQWvbXZdn32wRSHA=="
  "resolved" "https://registry.npmjs.org/use-isomorphic-layout-effect/-/use-isomorphic-layout-effect-1.1.2.tgz"
  "version" "1.1.2"

"use-sync-external-store@^1.0.0":
  "integrity" "sha512-eEgnFxGQ1Ife9bzYs6VLi8/4X6CObHMw9Qr9tPY43iKwsPw8xE8+EFsf/2cFZ5S3esXgpWgtSCtLNS41F+sKPA=="
  "resolved" "https://registry.npmjs.org/use-sync-external-store/-/use-sync-external-store-1.2.0.tgz"
  "version" "1.2.0"

"xstate@^4.37.2":
  "integrity" "sha512-Qm337O49CRTZ3PRyRuK6b+kvI+D3JGxXIZCTul+xEsyFCVkTFDt5jixaL1nBWcUBcaTQ9um/5CRGVItPi7fveg=="
  "resolved" "https://registry.npmjs.org/xstate/-/xstate-4.37.2.tgz"
  "version" "4.37.2"
